
Microsoft Visual Studio Solution File, Format Version 12.00
# Visual Studio Version 17
VisualStudioVersion = 17.8.34511.84
MinimumVisualStudioVersion = 10.0.40219.1
Project("{FAE04EC0-301F-11D3-BF4B-00C04F79EFBC}") = "MVC_2022", "MVC_2022\MVC_2022.csproj", "{DBE72BA5-54CB-44A6-9E94-66787767C520}"
EndProject
Global
	GlobalSection(SolutionConfigurationPlatforms) = preSolution
		Debug|Any CPU = Debug|Any CPU
		Release|Any CPU = Release|Any CPU
	EndGlobalSection
	GlobalSection(ProjectConfigurationPlatforms) = postSolution
		{DBE72BA5-54CB-44A6-9E94-66787767C520}.Debug|Any CPU.ActiveCfg = Debug|Any CPU
		{DBE72BA5-54CB-44A6-9E94-66787767C520}.Debug|Any CPU.Build.0 = Debug|Any CPU
		{DBE72BA5-54CB-44A6-9E94-66787767C520}.Release|Any CPU.ActiveCfg = Release|Any CPU
		{DBE72BA5-54CB-44A6-9E94-66787767C520}.Release|Any CPU.Build.0 = Release|Any CPU
	EndGlobalSection
	GlobalSection(SolutionProperties) = preSolution
		HideSolutionNode = FALSE
	EndGlobalSection
	GlobalSection(ExtensibilityGlobals) = postSolution
		SolutionGuid = {C4E554DE-D224-4F10-A0A4-358B8280A224}
	EndGlobalSection
EndGlobal
