
Microsoft Visual Studio Solution File, Format Version 12.00
# Visual Studio Version 17
VisualStudioVersion = 17.8.34330.188
MinimumVisualStudioVersion = 10.0.40219.1
Project("{FAE04EC0-301F-11D3-BF4B-00C04F79EFBC}") = "ScreenSound", "ScreenSound\ScreenSound.csproj", "{ECC3DBCB-D3CC-4608-A686-E314C6C33443}"
EndProject
Global
	GlobalSection(SolutionConfigurationPlatforms) = preSolution
		Debug|Any CPU = Debug|Any CPU
		Release|Any CPU = Release|Any CPU
	EndGlobalSection
	GlobalSection(ProjectConfigurationPlatforms) = postSolution
		{ECC3DBCB-D3CC-4608-A686-E314C6C33443}.Debug|Any CPU.ActiveCfg = Debug|Any CPU
		{ECC3DBCB-D3CC-4608-A686-E314C6C33443}.Debug|Any CPU.Build.0 = Debug|Any CPU
		{ECC3DBCB-D3CC-4608-A686-E314C6C33443}.Release|Any CPU.ActiveCfg = Release|Any CPU
		{ECC3DBCB-D3CC-4608-A686-E314C6C33443}.Release|Any CPU.Build.0 = Release|Any CPU
	EndGlobalSection
	GlobalSection(SolutionProperties) = preSolution
		HideSolutionNode = FALSE
	EndGlobalSection
	GlobalSection(ExtensibilityGlobals) = postSolution
		SolutionGuid = {94C7013B-BAB7-45A0-865C-3590EBB8AABE}
	EndGlobalSection
EndGlobal
